# This file is generated by running "yarn install" inside your project.
# Manual changes might be lost - proceed with caution!

__metadata:
  version: 6
  cacheKey: 8

"@types/node@npm:^20.4.4":
  version: 20.4.4
  resolution: "@types/node@npm:20.4.4"
  checksum: 43f3c4a8acc38ae753e15a0e79bae0447d255b3742fa87f8e065d7b9d20ecb0e03d6c5b46c00d5d26f4552160381a00255f49205595a8ee48c2423e00263c930
  languageName: node
  linkType: hard

"@types/prop-types@npm:*":
  version: 15.7.5
  resolution: "@types/prop-types@npm:15.7.5"
  checksum: 5b43b8b15415e1f298243165f1d44390403bb2bd42e662bca3b5b5633fdd39c938e91b7fce3a9483699db0f7a715d08cef220c121f723a634972fdf596aec980
  languageName: node
  linkType: hard

"@types/react@npm:^18.2.15":
  version: 18.2.15
  resolution: "@types/react@npm:18.2.15"
  dependencies:
    "@types/prop-types": "*"
    "@types/scheduler": "*"
    csstype: ^3.0.2
  checksum: 36989f638201bfe2f4110b06c119180f6df9c0e13d7060481e82e7a745f81745a01ae543c478a25b61e0767cb52e82da2ad5b0dedacabf99339e523d06176705
  languageName: node
  linkType: hard

"@types/scheduler@npm:*":
  version: 0.16.3
  resolution: "@types/scheduler@npm:0.16.3"
  checksum: 2b0aec39c24268e3ce938c5db2f2e77f5c3dd280e05c262d9c2fe7d890929e4632a6b8e94334017b66b45e4f92a5aa42ba3356640c2a1175fa37bef2f5200767
  languageName: node
  linkType: hard

"add-evt-listener@npm:^0.1.1":
  version: 0.1.1
  resolution: "add-evt-listener@npm:0.1.1"
  checksum: 884e3cc38bd81be3a035396171b07a0435061126e3177d1f757132660d699389e116c01d2b5c484002bc1894e9822a381bbbe8146cd73bb08d683c3bdc97fad4
  languageName: node
  linkType: hard

"array-buffer-byte-length@npm:^1.0.0":
  version: 1.0.0
  resolution: "array-buffer-byte-length@npm:1.0.0"
  dependencies:
    call-bind: ^1.0.2
    is-array-buffer: ^3.0.1
  checksum: 044e101ce150f4804ad19c51d6c4d4cfa505c5b2577bd179256e4aa3f3f6a0a5e9874c78cd428ee566ac574c8a04d7ce21af9fe52e844abfdccb82b33035a7c3
  languageName: node
  linkType: hard

"available-typed-arrays@npm:^1.0.5":
  version: 1.0.5
  resolution: "available-typed-arrays@npm:1.0.5"
  checksum: 20eb47b3cefd7db027b9bbb993c658abd36d4edd3fe1060e83699a03ee275b0c9b216cc076ff3f2db29073225fb70e7613987af14269ac1fe2a19803ccc97f1a
  languageName: node
  linkType: hard

"call-bind@npm:^1.0.0, call-bind@npm:^1.0.2":
  version: 1.0.2
  resolution: "call-bind@npm:1.0.2"
  dependencies:
    function-bind: ^1.1.1
    get-intrinsic: ^1.0.2
  checksum: f8e31de9d19988a4b80f3e704788c4a2d6b6f3d17cfec4f57dc29ced450c53a49270dc66bf0fbd693329ee948dd33e6c90a329519aef17474a4d961e8d6426b0
  languageName: node
  linkType: hard

"csstype@npm:^3.0.2":
  version: 3.1.2
  resolution: "csstype@npm:3.1.2"
  checksum: e1a52e6c25c1314d6beef5168da704ab29c5186b877c07d822bd0806717d9a265e8493a2e35ca7e68d0f5d472d43fac1cdce70fd79fd0853dff81f3028d857b5
  languageName: node
  linkType: hard

"deep-equal@npm:^2.2.2":
  version: 2.2.2
  resolution: "deep-equal@npm:2.2.2"
  dependencies:
    array-buffer-byte-length: ^1.0.0
    call-bind: ^1.0.2
    es-get-iterator: ^1.1.3
    get-intrinsic: ^1.2.1
    is-arguments: ^1.1.1
    is-array-buffer: ^3.0.2
    is-date-object: ^1.0.5
    is-regex: ^1.1.4
    is-shared-array-buffer: ^1.0.2
    isarray: ^2.0.5
    object-is: ^1.1.5
    object-keys: ^1.1.1
    object.assign: ^4.1.4
    regexp.prototype.flags: ^1.5.0
    side-channel: ^1.0.4
    which-boxed-primitive: ^1.0.2
    which-collection: ^1.0.1
    which-typed-array: ^1.1.9
  checksum: eb61c35157b6ecb96a5359b507b083fbff8ddb4c86a78a781ee38485f77a667465e45d63ee2ebd8a00e86d94c80e499906900cd82c2debb400237e1662cd5397
  languageName: node
  linkType: hard

"define-properties@npm:^1.1.3, define-properties@npm:^1.1.4, define-properties@npm:^1.2.0":
  version: 1.2.0
  resolution: "define-properties@npm:1.2.0"
  dependencies:
    has-property-descriptors: ^1.0.0
    object-keys: ^1.1.1
  checksum: e60aee6a19b102df4e2b1f301816804e81ab48bb91f00d0d935f269bf4b3f79c88b39e4f89eaa132890d23267335fd1140dfcd8d5ccd61031a0a2c41a54e33a6
  languageName: node
  linkType: hard

"es-get-iterator@npm:^1.1.3":
  version: 1.1.3
  resolution: "es-get-iterator@npm:1.1.3"
  dependencies:
    call-bind: ^1.0.2
    get-intrinsic: ^1.1.3
    has-symbols: ^1.0.3
    is-arguments: ^1.1.1
    is-map: ^2.0.2
    is-set: ^2.0.2
    is-string: ^1.0.7
    isarray: ^2.0.5
    stop-iteration-iterator: ^1.0.0
  checksum: 8fa118da42667a01a7c7529f8a8cca514feeff243feec1ce0bb73baaa3514560bd09d2b3438873cf8a5aaec5d52da248131de153b28e2638a061b6e4df13267d
  languageName: node
  linkType: hard

"for-each@npm:^0.3.3":
  version: 0.3.3
  resolution: "for-each@npm:0.3.3"
  dependencies:
    is-callable: ^1.1.3
  checksum: 6c48ff2bc63362319c65e2edca4a8e1e3483a2fabc72fbe7feaf8c73db94fc7861bd53bc02c8a66a0c1dd709da6b04eec42e0abdd6b40ce47305ae92a25e5d28
  languageName: node
  linkType: hard

"function-bind@npm:^1.1.1":
  version: 1.1.1
  resolution: "function-bind@npm:1.1.1"
  checksum: b32fbaebb3f8ec4969f033073b43f5c8befbb58f1a79e12f1d7490358150359ebd92f49e72ff0144f65f2c48ea2a605bff2d07965f548f6474fd8efd95bf361a
  languageName: node
  linkType: hard

"functions-have-names@npm:^1.2.3":
  version: 1.2.3
  resolution: "functions-have-names@npm:1.2.3"
  checksum: c3f1f5ba20f4e962efb71344ce0a40722163e85bee2101ce25f88214e78182d2d2476aa85ef37950c579eb6cf6ee811c17b3101bb84004bb75655f3e33f3fdb5
  languageName: node
  linkType: hard

"get-intrinsic@npm:^1.0.2, get-intrinsic@npm:^1.1.1, get-intrinsic@npm:^1.1.3, get-intrinsic@npm:^1.2.0, get-intrinsic@npm:^1.2.1":
  version: 1.2.1
  resolution: "get-intrinsic@npm:1.2.1"
  dependencies:
    function-bind: ^1.1.1
    has: ^1.0.3
    has-proto: ^1.0.1
    has-symbols: ^1.0.3
  checksum: 5b61d88552c24b0cf6fa2d1b3bc5459d7306f699de060d76442cce49a4721f52b8c560a33ab392cf5575b7810277d54ded9d4d39a1ea61855619ebc005aa7e5f
  languageName: node
  linkType: hard

"gopd@npm:^1.0.1":
  version: 1.0.1
  resolution: "gopd@npm:1.0.1"
  dependencies:
    get-intrinsic: ^1.1.3
  checksum: a5ccfb8806e0917a94e0b3de2af2ea4979c1da920bc381667c260e00e7cafdbe844e2cb9c5bcfef4e5412e8bf73bab837285bc35c7ba73aaaf0134d4583393a6
  languageName: node
  linkType: hard

"has-bigints@npm:^1.0.1":
  version: 1.0.2
  resolution: "has-bigints@npm:1.0.2"
  checksum: 390e31e7be7e5c6fe68b81babb73dfc35d413604d7ee5f56da101417027a4b4ce6a27e46eff97ad040c835b5d228676eae99a9b5c3bc0e23c8e81a49241ff45b
  languageName: node
  linkType: hard

"has-property-descriptors@npm:^1.0.0":
  version: 1.0.0
  resolution: "has-property-descriptors@npm:1.0.0"
  dependencies:
    get-intrinsic: ^1.1.1
  checksum: a6d3f0a266d0294d972e354782e872e2fe1b6495b321e6ef678c9b7a06a40408a6891817350c62e752adced73a94ac903c54734fee05bf65b1905ee1368194bb
  languageName: node
  linkType: hard

"has-proto@npm:^1.0.1":
  version: 1.0.1
  resolution: "has-proto@npm:1.0.1"
  checksum: febc5b5b531de8022806ad7407935e2135f1cc9e64636c3916c6842bd7995994ca3b29871ecd7954bd35f9e2986c17b3b227880484d22259e2f8e6ce63fd383e
  languageName: node
  linkType: hard

"has-symbols@npm:^1.0.2, has-symbols@npm:^1.0.3":
  version: 1.0.3
  resolution: "has-symbols@npm:1.0.3"
  checksum: a054c40c631c0d5741a8285010a0777ea0c068f99ed43e5d6eb12972da223f8af553a455132fdb0801bdcfa0e0f443c0c03a68d8555aa529b3144b446c3f2410
  languageName: node
  linkType: hard

"has-tostringtag@npm:^1.0.0":
  version: 1.0.0
  resolution: "has-tostringtag@npm:1.0.0"
  dependencies:
    has-symbols: ^1.0.2
  checksum: cc12eb28cb6ae22369ebaad3a8ab0799ed61270991be88f208d508076a1e99abe4198c965935ce85ea90b60c94ddda73693b0920b58e7ead048b4a391b502c1c
  languageName: node
  linkType: hard

"has@npm:^1.0.3":
  version: 1.0.3
  resolution: "has@npm:1.0.3"
  dependencies:
    function-bind: ^1.1.1
  checksum: b9ad53d53be4af90ce5d1c38331e712522417d017d5ef1ebd0507e07c2fbad8686fffb8e12ddecd4c39ca9b9b47431afbb975b8abf7f3c3b82c98e9aad052792
  languageName: node
  linkType: hard

"internal-slot@npm:^1.0.4":
  version: 1.0.5
  resolution: "internal-slot@npm:1.0.5"
  dependencies:
    get-intrinsic: ^1.2.0
    has: ^1.0.3
    side-channel: ^1.0.4
  checksum: 97e84046bf9e7574d0956bd98d7162313ce7057883b6db6c5c7b5e5f05688864b0978ba07610c726d15d66544ffe4b1050107d93f8a39ebc59b15d8b429b497a
  languageName: node
  linkType: hard

"is-arguments@npm:^1.1.1":
  version: 1.1.1
  resolution: "is-arguments@npm:1.1.1"
  dependencies:
    call-bind: ^1.0.2
    has-tostringtag: ^1.0.0
  checksum: 7f02700ec2171b691ef3e4d0e3e6c0ba408e8434368504bb593d0d7c891c0dbfda6d19d30808b904a6cb1929bca648c061ba438c39f296c2a8ca083229c49f27
  languageName: node
  linkType: hard

"is-array-buffer@npm:^3.0.1, is-array-buffer@npm:^3.0.2":
  version: 3.0.2
  resolution: "is-array-buffer@npm:3.0.2"
  dependencies:
    call-bind: ^1.0.2
    get-intrinsic: ^1.2.0
    is-typed-array: ^1.1.10
  checksum: dcac9dda66ff17df9cabdc58214172bf41082f956eab30bb0d86bc0fab1e44b690fc8e1f855cf2481245caf4e8a5a006a982a71ddccec84032ed41f9d8da8c14
  languageName: node
  linkType: hard

"is-bigint@npm:^1.0.1":
  version: 1.0.4
  resolution: "is-bigint@npm:1.0.4"
  dependencies:
    has-bigints: ^1.0.1
  checksum: c56edfe09b1154f8668e53ebe8252b6f185ee852a50f9b41e8d921cb2bed425652049fbe438723f6cb48a63ca1aa051e948e7e401e093477c99c84eba244f666
  languageName: node
  linkType: hard

"is-boolean-object@npm:^1.1.0":
  version: 1.1.2
  resolution: "is-boolean-object@npm:1.1.2"
  dependencies:
    call-bind: ^1.0.2
    has-tostringtag: ^1.0.0
  checksum: c03b23dbaacadc18940defb12c1c0e3aaece7553ef58b162a0f6bba0c2a7e1551b59f365b91e00d2dbac0522392d576ef322628cb1d036a0fe51eb466db67222
  languageName: node
  linkType: hard

"is-callable@npm:^1.1.3":
  version: 1.2.7
  resolution: "is-callable@npm:1.2.7"
  checksum: 61fd57d03b0d984e2ed3720fb1c7a897827ea174bd44402878e059542ea8c4aeedee0ea0985998aa5cc2736b2fa6e271c08587addb5b3959ac52cf665173d1ac
  languageName: node
  linkType: hard

"is-date-object@npm:^1.0.5":
  version: 1.0.5
  resolution: "is-date-object@npm:1.0.5"
  dependencies:
    has-tostringtag: ^1.0.0
  checksum: baa9077cdf15eb7b58c79398604ca57379b2fc4cf9aa7a9b9e295278648f628c9b201400c01c5e0f7afae56507d741185730307cbe7cad3b9f90a77e5ee342fc
  languageName: node
  linkType: hard

"is-map@npm:^2.0.1, is-map@npm:^2.0.2":
  version: 2.0.2
  resolution: "is-map@npm:2.0.2"
  checksum: ace3d0ecd667bbdefdb1852de601268f67f2db725624b1958f279316e13fecb8fa7df91fd60f690d7417b4ec180712f5a7ee967008e27c65cfd475cc84337728
  languageName: node
  linkType: hard

"is-number-object@npm:^1.0.4":
  version: 1.0.7
  resolution: "is-number-object@npm:1.0.7"
  dependencies:
    has-tostringtag: ^1.0.0
  checksum: d1e8d01bb0a7134c74649c4e62da0c6118a0bfc6771ea3c560914d52a627873e6920dd0fd0ebc0e12ad2ff4687eac4c308f7e80320b973b2c8a2c8f97a7524f7
  languageName: node
  linkType: hard

"is-regex@npm:^1.1.4":
  version: 1.1.4
  resolution: "is-regex@npm:1.1.4"
  dependencies:
    call-bind: ^1.0.2
    has-tostringtag: ^1.0.0
  checksum: 362399b33535bc8f386d96c45c9feb04cf7f8b41c182f54174c1a45c9abbbe5e31290bbad09a458583ff6bf3b2048672cdb1881b13289569a7c548370856a652
  languageName: node
  linkType: hard

"is-set@npm:^2.0.1, is-set@npm:^2.0.2":
  version: 2.0.2
  resolution: "is-set@npm:2.0.2"
  checksum: b64343faf45e9387b97a6fd32be632ee7b269bd8183701f3b3f5b71a7cf00d04450ed8669d0bd08753e08b968beda96fca73a10fd0ff56a32603f64deba55a57
  languageName: node
  linkType: hard

"is-shared-array-buffer@npm:^1.0.2":
  version: 1.0.2
  resolution: "is-shared-array-buffer@npm:1.0.2"
  dependencies:
    call-bind: ^1.0.2
  checksum: 9508929cf14fdc1afc9d61d723c6e8d34f5e117f0bffda4d97e7a5d88c3a8681f633a74f8e3ad1fe92d5113f9b921dc5ca44356492079612f9a247efbce7032a
  languageName: node
  linkType: hard

"is-string@npm:^1.0.5, is-string@npm:^1.0.7":
  version: 1.0.7
  resolution: "is-string@npm:1.0.7"
  dependencies:
    has-tostringtag: ^1.0.0
  checksum: 323b3d04622f78d45077cf89aab783b2f49d24dc641aa89b5ad1a72114cfeff2585efc8c12ef42466dff32bde93d839ad321b26884cf75e5a7892a938b089989
  languageName: node
  linkType: hard

"is-symbol@npm:^1.0.3":
  version: 1.0.4
  resolution: "is-symbol@npm:1.0.4"
  dependencies:
    has-symbols: ^1.0.2
  checksum: 92805812ef590738d9de49d677cd17dfd486794773fb6fa0032d16452af46e9b91bb43ffe82c983570f015b37136f4b53b28b8523bfb10b0ece7a66c31a54510
  languageName: node
  linkType: hard

"is-typed-array@npm:^1.1.10":
  version: 1.1.12
  resolution: "is-typed-array@npm:1.1.12"
  dependencies:
    which-typed-array: ^1.1.11
  checksum: 4c89c4a3be07186caddadf92197b17fda663a9d259ea0d44a85f171558270d36059d1c386d34a12cba22dfade5aba497ce22778e866adc9406098c8fc4771796
  languageName: node
  linkType: hard

"is-weakmap@npm:^2.0.1":
  version: 2.0.1
  resolution: "is-weakmap@npm:2.0.1"
  checksum: 1222bb7e90c32bdb949226e66d26cb7bce12e1e28e3e1b40bfa6b390ba3e08192a8664a703dff2a00a84825f4e022f9cd58c4599ff9981ab72b1d69479f4f7f6
  languageName: node
  linkType: hard

"is-weakset@npm:^2.0.1":
  version: 2.0.2
  resolution: "is-weakset@npm:2.0.2"
  dependencies:
    call-bind: ^1.0.2
    get-intrinsic: ^1.1.1
  checksum: 5d8698d1fa599a0635d7ca85be9c26d547b317ed8fd83fc75f03efbe75d50001b5eececb1e9971de85fcde84f69ae6f8346bc92d20d55d46201d328e4c74a367
  languageName: node
  linkType: hard

"isarray@npm:^2.0.5":
  version: 2.0.5
  resolution: "isarray@npm:2.0.5"
  checksum: bd5bbe4104438c4196ba58a54650116007fa0262eccef13a4c55b2e09a5b36b59f1e75b9fcc49883dd9d4953892e6fc007eef9e9155648ceea036e184b0f930a
  languageName: node
  linkType: hard

"jmisc@npm:^0.0.8":
  version: 0.0.8
  resolution: "jmisc@npm:0.0.8"
  checksum: 5c61806e9656424e6e3d7d6dd89033f90f417977cf11e8d7e867c6cb4011d18eda19e484a341dc3ca5fa85d8d7032d0e8202fcc0bd3b07f8c2e009f3d83b5014
  languageName: node
  linkType: hard

"misc-hooks@workspace:.":
  version: 0.0.0-use.local
  resolution: "misc-hooks@workspace:."
  dependencies:
    "@types/node": ^20.4.4
    "@types/react": ^18.2.15
    add-evt-listener: ^0.1.1
    deep-equal: ^2.2.2
    jmisc: ^0.0.8
    type-fest: ^4.0.0
    typescript: ^5.1.6
  languageName: unknown
  linkType: soft

"object-inspect@npm:^1.9.0":
  version: 1.12.3
  resolution: "object-inspect@npm:1.12.3"
  checksum: dabfd824d97a5f407e6d5d24810d888859f6be394d8b733a77442b277e0808860555176719c5905e765e3743a7cada6b8b0a3b85e5331c530fd418cc8ae991db
  languageName: node
  linkType: hard

"object-is@npm:^1.1.5":
  version: 1.1.5
  resolution: "object-is@npm:1.1.5"
  dependencies:
    call-bind: ^1.0.2
    define-properties: ^1.1.3
  checksum: 989b18c4cba258a6b74dc1d74a41805c1a1425bce29f6cabb50dcb1a6a651ea9104a1b07046739a49a5bb1bc49727bcb00efd5c55f932f6ea04ec8927a7901fe
  languageName: node
  linkType: hard

"object-keys@npm:^1.1.1":
  version: 1.1.1
  resolution: "object-keys@npm:1.1.1"
  checksum: b363c5e7644b1e1b04aa507e88dcb8e3a2f52b6ffd0ea801e4c7a62d5aa559affe21c55a07fd4b1fd55fc03a33c610d73426664b20032405d7b92a1414c34d6a
  languageName: node
  linkType: hard

"object.assign@npm:^4.1.4":
  version: 4.1.4
  resolution: "object.assign@npm:4.1.4"
  dependencies:
    call-bind: ^1.0.2
    define-properties: ^1.1.4
    has-symbols: ^1.0.3
    object-keys: ^1.1.1
  checksum: 76cab513a5999acbfe0ff355f15a6a125e71805fcf53de4e9d4e082e1989bdb81d1e329291e1e4e0ae7719f0e4ef80e88fb2d367ae60500d79d25a6224ac8864
  languageName: node
  linkType: hard

"regexp.prototype.flags@npm:^1.5.0":
  version: 1.5.0
  resolution: "regexp.prototype.flags@npm:1.5.0"
  dependencies:
    call-bind: ^1.0.2
    define-properties: ^1.2.0
    functions-have-names: ^1.2.3
  checksum: c541687cdbdfff1b9a07f6e44879f82c66bbf07665f9a7544c5fd16acdb3ec8d1436caab01662d2fbcad403f3499d49ab0b77fbc7ef29ef961d98cc4bc9755b4
  languageName: node
  linkType: hard

"side-channel@npm:^1.0.4":
  version: 1.0.4
  resolution: "side-channel@npm:1.0.4"
  dependencies:
    call-bind: ^1.0.0
    get-intrinsic: ^1.0.2
    object-inspect: ^1.9.0
  checksum: 351e41b947079c10bd0858364f32bb3a7379514c399edb64ab3dce683933483fc63fb5e4efe0a15a2e8a7e3c436b6a91736ddb8d8c6591b0460a24bb4a1ee245
  languageName: node
  linkType: hard

"stop-iteration-iterator@npm:^1.0.0":
  version: 1.0.0
  resolution: "stop-iteration-iterator@npm:1.0.0"
  dependencies:
    internal-slot: ^1.0.4
  checksum: d04173690b2efa40e24ab70e5e51a3ff31d56d699550cfad084104ab3381390daccb36652b25755e420245f3b0737de66c1879eaa2a8d4fc0a78f9bf892fcb42
  languageName: node
  linkType: hard

"type-fest@npm:^4.0.0":
  version: 4.0.0
  resolution: "type-fest@npm:4.0.0"
  checksum: 716f32ac341b1cf35bf08cc5cc6a11822436333966d3f4d94758112f45829efa3efb643ebc74a53e514e68a1bddab144d0153d654e072b41ba9bd98bcf841d75
  languageName: node
  linkType: hard

"typescript@npm:^5.1.6":
  version: 5.1.6
  resolution: "typescript@npm:5.1.6"
  bin:
    tsc: bin/tsc
    tsserver: bin/tsserver
  checksum: b2f2c35096035fe1f5facd1e38922ccb8558996331405eb00a5111cc948b2e733163cc22fab5db46992aba7dd520fff637f2c1df4996ff0e134e77d3249a7350
  languageName: node
  linkType: hard

"typescript@patch:typescript@^5.1.6#~builtin<compat/typescript>":
  version: 5.1.6
  resolution: "typescript@patch:typescript@npm%3A5.1.6#~builtin<compat/typescript>::version=5.1.6&hash=5da071"
  bin:
    tsc: bin/tsc
    tsserver: bin/tsserver
  checksum: f53bfe97f7c8b2b6d23cf572750d4e7d1e0c5fff1c36d859d0ec84556a827b8785077bc27676bf7e71fae538e517c3ecc0f37e7f593be913d884805d931bc8be
  languageName: node
  linkType: hard

"which-boxed-primitive@npm:^1.0.2":
  version: 1.0.2
  resolution: "which-boxed-primitive@npm:1.0.2"
  dependencies:
    is-bigint: ^1.0.1
    is-boolean-object: ^1.1.0
    is-number-object: ^1.0.4
    is-string: ^1.0.5
    is-symbol: ^1.0.3
  checksum: 53ce774c7379071729533922adcca47220228405e1895f26673bbd71bdf7fb09bee38c1d6399395927c6289476b5ae0629863427fd151491b71c4b6cb04f3a5e
  languageName: node
  linkType: hard

"which-collection@npm:^1.0.1":
  version: 1.0.1
  resolution: "which-collection@npm:1.0.1"
  dependencies:
    is-map: ^2.0.1
    is-set: ^2.0.1
    is-weakmap: ^2.0.1
    is-weakset: ^2.0.1
  checksum: c815bbd163107ef9cb84f135e6f34453eaf4cca994e7ba85ddb0d27cea724c623fae2a473ceccfd5549c53cc65a5d82692de418166df3f858e1e5dc60818581c
  languageName: node
  linkType: hard

"which-typed-array@npm:^1.1.11, which-typed-array@npm:^1.1.9":
  version: 1.1.11
  resolution: "which-typed-array@npm:1.1.11"
  dependencies:
    available-typed-arrays: ^1.0.5
    call-bind: ^1.0.2
    for-each: ^0.3.3
    gopd: ^1.0.1
    has-tostringtag: ^1.0.0
  checksum: 711ffc8ef891ca6597b19539075ec3e08bb9b4c2ca1f78887e3c07a977ab91ac1421940505a197758fb5939aa9524976d0a5bbcac34d07ed6faa75cedbb17206
  languageName: node
  linkType: hard
